
Microsoft Visual Studio Solution File, Format Version 12.00
# Visual Studio Version 17
VisualStudioVersion = 17.10.35201.131
MinimumVisualStudioVersion = 10.0.40219.1
Project("{FAE04EC0-301F-11D3-BF4B-00C04F79EFBC}") = "PruebaTecnicaSeti", "PruebaTecnicaSeti\PruebaTecnicaSeti.csproj", "{9CE7C362-A859-4773-9502-D4DE85AFB203}"
EndProject
Global
	GlobalSection(SolutionConfigurationPlatforms) = preSolution
		Debug|Any CPU = Debug|Any CPU
		Release|Any CPU = Release|Any CPU
	EndGlobalSection
	GlobalSection(ProjectConfigurationPlatforms) = postSolution
		{9CE7C362-A859-4773-9502-D4DE85AFB203}.Debug|Any CPU.ActiveCfg = Debug|Any CPU
		{9CE7C362-A859-4773-9502-D4DE85AFB203}.Debug|Any CPU.Build.0 = Debug|Any CPU
		{9CE7C362-A859-4773-9502-D4DE85AFB203}.Release|Any CPU.ActiveCfg = Release|Any CPU
		{9CE7C362-A859-4773-9502-D4DE85AFB203}.Release|Any CPU.Build.0 = Release|Any CPU
	EndGlobalSection
	GlobalSection(SolutionProperties) = preSolution
		HideSolutionNode = FALSE
	EndGlobalSection
	GlobalSection(ExtensibilityGlobals) = postSolution
		SolutionGuid = {C3B9E4BA-4369-47AB-8C66-6D54DACBA893}
	EndGlobalSection
EndGlobal
